
Microsoft Visual Studio Solution File, Format Version 12.00
# Visual Studio Version 17
VisualStudioVersion = 17.11.35327.3
MinimumVisualStudioVersion = 10.0.40219.1
Project("{9A19103F-16F7-4668-BE54-9A1E7A4F7556}") = "WebApplication3", "WebApplication3.csproj", "{C344DA7F-34F7-4061-9BC2-93F49F7D769A}"
EndProject
Project("{9A19103F-16F7-4668-BE54-9A1E7A4F7556}") = "SmucarskiKlubMAUI", "..\SmucarskiKlubMAUI\SmucarskiKlubMAUI.csproj", "{344D05F5-BFFD-4D51-98F7-4B19B8420BC7}"
EndProject
Global
	GlobalSection(SolutionConfigurationPlatforms) = preSolution
		Debug|Any CPU = Debug|Any CPU
		Release|Any CPU = Release|Any CPU
	EndGlobalSection
	GlobalSection(ProjectConfigurationPlatforms) = postSolution
		{C344DA7F-34F7-4061-9BC2-93F49F7D769A}.Debug|Any CPU.ActiveCfg = Debug|Any CPU
		{C344DA7F-34F7-4061-9BC2-93F49F7D769A}.Debug|Any CPU.Build.0 = Debug|Any CPU
		{C344DA7F-34F7-4061-9BC2-93F49F7D769A}.Release|Any CPU.ActiveCfg = Release|Any CPU
		{C344DA7F-34F7-4061-9BC2-93F49F7D769A}.Release|Any CPU.Build.0 = Release|Any CPU
		{344D05F5-BFFD-4D51-98F7-4B19B8420BC7}.Debug|Any CPU.ActiveCfg = Debug|Any CPU
		{344D05F5-BFFD-4D51-98F7-4B19B8420BC7}.Debug|Any CPU.Build.0 = Debug|Any CPU
		{344D05F5-BFFD-4D51-98F7-4B19B8420BC7}.Debug|Any CPU.Deploy.0 = Debug|Any CPU
		{344D05F5-BFFD-4D51-98F7-4B19B8420BC7}.Release|Any CPU.ActiveCfg = Release|Any CPU
		{344D05F5-BFFD-4D51-98F7-4B19B8420BC7}.Release|Any CPU.Build.0 = Release|Any CPU
		{344D05F5-BFFD-4D51-98F7-4B19B8420BC7}.Release|Any CPU.Deploy.0 = Release|Any CPU
	EndGlobalSection
	GlobalSection(SolutionProperties) = preSolution
		HideSolutionNode = FALSE
	EndGlobalSection
	GlobalSection(ExtensibilityGlobals) = postSolution
		SolutionGuid = {AF7193F1-8B02-4F1A-B139-7C97213C0A98}
	EndGlobalSection
EndGlobal
